# This file is generated by running "yarn install" inside your project.
# Manual changes might be lost - proceed with caution!

__metadata:
  version: 8
  cacheKey: 10c0

"@jercle/yargonaut@npm:1.1.5":
  version: 1.1.5
  resolution: "@jercle/yargonaut@npm:1.1.5"
  dependencies:
    chalk: "npm:^4.1.2"
    figlet: "npm:^1.5.2"
    parent-require: "npm:^1.0.0"
  checksum: 10c0/7a3a891ebafc97c78aa38354a2bb2c2b2a467f03fd653b09d2ae70420582330917ffb35869d9cbe48396c5a18cef34cdda5704a2df0b0a6383a75297a3661f66
  languageName: node
  linkType: hard

"@mikro-orm/cli@npm:^6.4.16":
  version: 6.4.16
  resolution: "@mikro-orm/cli@npm:6.4.16"
  dependencies:
    "@jercle/yargonaut": "npm:1.1.5"
    "@mikro-orm/core": "npm:6.4.16"
    "@mikro-orm/knex": "npm:6.4.16"
    fs-extra: "npm:11.3.0"
    tsconfig-paths: "npm:4.2.0"
    yargs: "npm:17.7.2"
  bin:
    mikro-orm: ./cli
    mikro-orm-esm: ./esm
  checksum: 10c0/c58cfc6a89a4770671c58e3c40a60c8a38229a74e1722d1fb6c14a8d19a43303aa26557ec6a0000ac1d494270f3cfd98e32e38c69163f6b9cafb7c3ef6804b00
  languageName: node
  linkType: hard

"@mikro-orm/core@npm:6.4.16, @mikro-orm/core@npm:^6.4.16":
  version: 6.4.16
  resolution: "@mikro-orm/core@npm:6.4.16"
  dependencies:
    dataloader: "npm:2.2.3"
    dotenv: "npm:16.5.0"
    esprima: "npm:4.0.1"
    fs-extra: "npm:11.3.0"
    globby: "npm:11.1.0"
    mikro-orm: "npm:6.4.16"
    reflect-metadata: "npm:0.2.2"
  checksum: 10c0/beeb614134d908674916105326c4846fe80fb9a7adc1251a8b9bd70f4db1115256a1bdaa08107fab1577986bbca46dd24b0ff24d87753925f382d1ef216bea18
  languageName: node
  linkType: hard

"@mikro-orm/knex@npm:6.4.16":
  version: 6.4.16
  resolution: "@mikro-orm/knex@npm:6.4.16"
  dependencies:
    fs-extra: "npm:11.3.0"
    knex: "npm:3.1.0"
    sqlstring: "npm:2.3.3"
  peerDependencies:
    "@mikro-orm/core": ^6.0.0
    better-sqlite3: "*"
    libsql: "*"
    mariadb: "*"
  peerDependenciesMeta:
    better-sqlite3:
      optional: true
    libsql:
      optional: true
    mariadb:
      optional: true
  checksum: 10c0/b0584fe3bd79b131512712ec9e31a1b76e272dcff519d5607daebfd5b3dd856116d9aae836c86baa006abc58e0331926aa3bd4ef4bba1a7ced4781d8c6fd3d21
  languageName: node
  linkType: hard

"@mikro-orm/migrations@npm:^6.4.16":
  version: 6.4.16
  resolution: "@mikro-orm/migrations@npm:6.4.16"
  dependencies:
    "@mikro-orm/knex": "npm:6.4.16"
    fs-extra: "npm:11.3.0"
    umzug: "npm:3.8.2"
  peerDependencies:
    "@mikro-orm/core": ^6.0.0
  checksum: 10c0/1d5beb2423c20879cffc9c51f035b2f24b963997bea4d69445f1686616686a3bd8d7b34c2081fcb421df24c0f14ee2c51b4ed01299b5c9dbf2af4fc4cbc22de5
  languageName: node
  linkType: hard

"@mikro-orm/nestjs@npm:^6.1.1":
  version: 6.1.1
  resolution: "@mikro-orm/nestjs@npm:6.1.1"
  peerDependencies:
    "@mikro-orm/core": ^6.0.0 || ^6.0.0-dev.0 || ^7.0.0-dev.0
    "@nestjs/common": ^10.0.0 || ^11.0.5
    "@nestjs/core": ^10.0.0 || ^11.0.5
  checksum: 10c0/888309a41b5b18bf1155a0e46865e3e8cb750ebdf85515f973a4d4a4f442dd4fbd0298ecf9c171673b10e1e701498e62d7dea2e18b6bb91393ae864c7121af02
  languageName: node
  linkType: hard

"@mikro-orm/postgresql@npm:^6.4.16":
  version: 6.4.16
  resolution: "@mikro-orm/postgresql@npm:6.4.16"
  dependencies:
    "@mikro-orm/knex": "npm:6.4.16"
    pg: "npm:8.16.0"
    postgres-array: "npm:3.0.4"
    postgres-date: "npm:2.1.0"
    postgres-interval: "npm:4.0.2"
  peerDependencies:
    "@mikro-orm/core": ^6.0.0
  checksum: 10c0/0d7b6dd04f9c476d445fd31b5544be88d38da9b3c5c3666c2c84c1fb35db55de27a98e23b62ba26528f9056bb28966cc8dc5673418bf4b2da6bf6bfeb6af0264
  languageName: node
  linkType: hard

"@mikro-orm/seeder@npm:^6.4.16":
  version: 6.4.16
  resolution: "@mikro-orm/seeder@npm:6.4.16"
  dependencies:
    fs-extra: "npm:11.3.0"
    globby: "npm:11.1.0"
  peerDependencies:
    "@mikro-orm/core": ^6.0.0
  checksum: 10c0/4deae01038348efcc79422dcf5c2771d742a3b04546ed9e7cdb1cc9c06c66138e8b06f6c0cb39aca6cc7b880c1b05f2fa57c5dee8dd7a9b1b05a79323cc35e7b
  languageName: node
  linkType: hard

"@nodelib/fs.scandir@npm:2.1.5":
  version: 2.1.5
  resolution: "@nodelib/fs.scandir@npm:2.1.5"
  dependencies:
    "@nodelib/fs.stat": "npm:2.0.5"
    run-parallel: "npm:^1.1.9"
  checksum: 10c0/732c3b6d1b1e967440e65f284bd06e5821fedf10a1bea9ed2bb75956ea1f30e08c44d3def9d6a230666574edbaf136f8cfd319c14fd1f87c66e6a44449afb2eb
  languageName: node
  linkType: hard

"@nodelib/fs.stat@npm:2.0.5, @nodelib/fs.stat@npm:^2.0.2":
  version: 2.0.5
  resolution: "@nodelib/fs.stat@npm:2.0.5"
  checksum: 10c0/88dafe5e3e29a388b07264680dc996c17f4bda48d163a9d4f5c1112979f0ce8ec72aa7116122c350b4e7976bc5566dc3ddb579be1ceaacc727872eb4ed93926d
  languageName: node
  linkType: hard

"@nodelib/fs.walk@npm:^1.2.3":
  version: 1.2.8
  resolution: "@nodelib/fs.walk@npm:1.2.8"
  dependencies:
    "@nodelib/fs.scandir": "npm:2.1.5"
    fastq: "npm:^1.6.0"
  checksum: 10c0/db9de047c3bb9b51f9335a7bb46f4fcfb6829fb628318c12115fbaf7d369bfce71c15b103d1fc3b464812d936220ee9bc1c8f762d032c9f6be9acc99249095b1
  languageName: node
  linkType: hard

"@rushstack/node-core-library@npm:5.13.0":
  version: 5.13.0
  resolution: "@rushstack/node-core-library@npm:5.13.0"
  dependencies:
    ajv: "npm:~8.13.0"
    ajv-draft-04: "npm:~1.0.0"
    ajv-formats: "npm:~3.0.1"
    fs-extra: "npm:~11.3.0"
    import-lazy: "npm:~4.0.0"
    jju: "npm:~1.4.0"
    resolve: "npm:~1.22.1"
    semver: "npm:~7.5.4"
  peerDependencies:
    "@types/node": "*"
  peerDependenciesMeta:
    "@types/node":
      optional: true
  checksum: 10c0/5d0e1a6ae85790c6352d26ca424b8b17e91843471aa980e028aec9eb4ea37c3e81f0ff1c25459c94e9356b22b2f22c035a3849e4c05b53f0a284fe64a686387c
  languageName: node
  linkType: hard

"@rushstack/terminal@npm:0.15.2":
  version: 0.15.2
  resolution: "@rushstack/terminal@npm:0.15.2"
  dependencies:
    "@rushstack/node-core-library": "npm:5.13.0"
    supports-color: "npm:~8.1.1"
  peerDependencies:
    "@types/node": "*"
  peerDependenciesMeta:
    "@types/node":
      optional: true
  checksum: 10c0/744fb342afabf83b6220a96a6748c6b76a6628e608373d4d57452aedcd253a294118db1b97a2ce56365ce6037bdd9e850b0254eea55c035f8812137c78919715
  languageName: node
  linkType: hard

"@rushstack/ts-command-line@npm:^4.12.2":
  version: 4.23.7
  resolution: "@rushstack/ts-command-line@npm:4.23.7"
  dependencies:
    "@rushstack/terminal": "npm:0.15.2"
    "@types/argparse": "npm:1.0.38"
    argparse: "npm:~1.0.9"
    string-argv: "npm:~0.3.1"
  checksum: 10c0/d77d2099ed295a0ef66f0763ad4cdbd64b7ab998dda0e5714d13ae34156c813ee59fa92633763ed6f2b5eeea98afaee143f1088e2f58b0d88b920694194e739d
  languageName: node
  linkType: hard

"@types/argparse@npm:1.0.38":
  version: 1.0.38
  resolution: "@types/argparse@npm:1.0.38"
  checksum: 10c0/4fc892da5df16923f48180da2d1f4562fa8b0507cf636b24780444fa0a1d7321d4dc0c0ecbee6152968823f5a2ae0d321b4f8c705a489bf1ae1245bdeb0868fd
  languageName: node
  linkType: hard

"ajv-draft-04@npm:~1.0.0":
  version: 1.0.0
  resolution: "ajv-draft-04@npm:1.0.0"
  peerDependencies:
    ajv: ^8.5.0
  peerDependenciesMeta:
    ajv:
      optional: true
  checksum: 10c0/6044310bd38c17d77549fd326bd40ce1506fa10b0794540aa130180808bf94117fac8c9b448c621512bea60e4a947278f6a978e87f10d342950c15b33ddd9271
  languageName: node
  linkType: hard

"ajv-formats@npm:~3.0.1":
  version: 3.0.1
  resolution: "ajv-formats@npm:3.0.1"
  dependencies:
    ajv: "npm:^8.0.0"
  peerDependencies:
    ajv: ^8.0.0
  peerDependenciesMeta:
    ajv:
      optional: true
  checksum: 10c0/168d6bca1ea9f163b41c8147bae537e67bd963357a5488a1eaf3abe8baa8eec806d4e45f15b10767e6020679315c7e1e5e6803088dfb84efa2b4e9353b83dd0a
  languageName: node
  linkType: hard

"ajv@npm:^8.0.0":
  version: 8.17.1
  resolution: "ajv@npm:8.17.1"
  dependencies:
    fast-deep-equal: "npm:^3.1.3"
    fast-uri: "npm:^3.0.1"
    json-schema-traverse: "npm:^1.0.0"
    require-from-string: "npm:^2.0.2"
  checksum: 10c0/ec3ba10a573c6b60f94639ffc53526275917a2df6810e4ab5a6b959d87459f9ef3f00d5e7865b82677cb7d21590355b34da14d1d0b9c32d75f95a187e76fff35
  languageName: node
  linkType: hard

"ajv@npm:~8.13.0":
  version: 8.13.0
  resolution: "ajv@npm:8.13.0"
  dependencies:
    fast-deep-equal: "npm:^3.1.3"
    json-schema-traverse: "npm:^1.0.0"
    require-from-string: "npm:^2.0.2"
    uri-js: "npm:^4.4.1"
  checksum: 10c0/14c6497b6f72843986d7344175a1aa0e2c35b1e7f7475e55bc582cddb765fca7e6bf950f465dc7846f817776d9541b706f4b5b3fbedd8dfdeb5fce6f22864264
  languageName: node
  linkType: hard

"ansi-regex@npm:^5.0.1":
  version: 5.0.1
  resolution: "ansi-regex@npm:5.0.1"
  checksum: 10c0/9a64bb8627b434ba9327b60c027742e5d17ac69277960d041898596271d992d4d52ba7267a63ca10232e29f6107fc8a835f6ce8d719b88c5f8493f8254813737
  languageName: node
  linkType: hard

"ansi-styles@npm:^4.0.0, ansi-styles@npm:^4.1.0":
  version: 4.3.0
  resolution: "ansi-styles@npm:4.3.0"
  dependencies:
    color-convert: "npm:^2.0.1"
  checksum: 10c0/895a23929da416f2bd3de7e9cb4eabd340949328ab85ddd6e484a637d8f6820d485f53933446f5291c3b760cbc488beb8e88573dd0f9c7daf83dccc8fe81b041
  languageName: node
  linkType: hard

"argparse@npm:~1.0.9":
  version: 1.0.10
  resolution: "argparse@npm:1.0.10"
  dependencies:
    sprintf-js: "npm:~1.0.2"
  checksum: 10c0/b2972c5c23c63df66bca144dbc65d180efa74f25f8fd9b7d9a0a6c88ae839db32df3d54770dcb6460cf840d232b60695d1a6b1053f599d84e73f7437087712de
  languageName: node
  linkType: hard

"array-union@npm:^2.1.0":
  version: 2.1.0
  resolution: "array-union@npm:2.1.0"
  checksum: 10c0/429897e68110374f39b771ec47a7161fc6a8fc33e196857c0a396dc75df0b5f65e4d046674db764330b6bb66b39ef48dd7c53b6a2ee75cfb0681e0c1a7033962
  languageName: node
  linkType: hard

"braces@npm:^3.0.3":
  version: 3.0.3
  resolution: "braces@npm:3.0.3"
  dependencies:
    fill-range: "npm:^7.1.1"
  checksum: 10c0/7c6dfd30c338d2997ba77500539227b9d1f85e388a5f43220865201e407e076783d0881f2d297b9f80951b4c957fcf0b51c1d2d24227631643c3f7c284b0aa04
  languageName: node
  linkType: hard

"certbank-api@workspace:.":
  version: 0.0.0-use.local
  resolution: "certbank-api@workspace:."
  dependencies:
    "@mikro-orm/cli": "npm:^6.4.16"
    "@mikro-orm/core": "npm:^6.4.16"
    "@mikro-orm/migrations": "npm:^6.4.16"
    "@mikro-orm/nestjs": "npm:^6.1.1"
    "@mikro-orm/postgresql": "npm:^6.4.16"
    "@mikro-orm/seeder": "npm:^6.4.16"
  languageName: unknown
  linkType: soft

"chalk@npm:^4.1.2":
  version: 4.1.2
  resolution: "chalk@npm:4.1.2"
  dependencies:
    ansi-styles: "npm:^4.1.0"
    supports-color: "npm:^7.1.0"
  checksum: 10c0/4a3fef5cc34975c898ffe77141450f679721df9dde00f6c304353fa9c8b571929123b26a0e4617bde5018977eb655b31970c297b91b63ee83bb82aeb04666880
  languageName: node
  linkType: hard

"cliui@npm:^8.0.1":
  version: 8.0.1
  resolution: "cliui@npm:8.0.1"
  dependencies:
    string-width: "npm:^4.2.0"
    strip-ansi: "npm:^6.0.1"
    wrap-ansi: "npm:^7.0.0"
  checksum: 10c0/4bda0f09c340cbb6dfdc1ed508b3ca080f12992c18d68c6be4d9cf51756033d5266e61ec57529e610dacbf4da1c634423b0c1b11037709cc6b09045cbd815df5
  languageName: node
  linkType: hard

"color-convert@npm:^2.0.1":
  version: 2.0.1
  resolution: "color-convert@npm:2.0.1"
  dependencies:
    color-name: "npm:~1.1.4"
  checksum: 10c0/37e1150172f2e311fe1b2df62c6293a342ee7380da7b9cfdba67ea539909afbd74da27033208d01d6d5cfc65ee7868a22e18d7e7648e004425441c0f8a15a7d7
  languageName: node
  linkType: hard

"color-name@npm:~1.1.4":
  version: 1.1.4
  resolution: "color-name@npm:1.1.4"
  checksum: 10c0/a1a3f914156960902f46f7f56bc62effc6c94e84b2cae157a526b1c1f74b677a47ec602bf68a61abfa2b42d15b7c5651c6dbe72a43af720bc588dff885b10f95
  languageName: node
  linkType: hard

"colorette@npm:2.0.19":
  version: 2.0.19
  resolution: "colorette@npm:2.0.19"
  checksum: 10c0/2bcc9134095750fece6e88167011499b964b78bf0ea953469130ddb1dba3c8fe6c03debb0ae181e710e2be10900d117460f980483a7df4ba4a1bac3b182ecb64
  languageName: node
  linkType: hard

"commander@npm:^10.0.0":
  version: 10.0.1
  resolution: "commander@npm:10.0.1"
  checksum: 10c0/53f33d8927758a911094adadda4b2cbac111a5b377d8706700587650fd8f45b0bbe336de4b5c3fe47fd61f420a3d9bd452b6e0e6e5600a7e74d7bf0174f6efe3
  languageName: node
  linkType: hard

"dataloader@npm:2.2.3":
  version: 2.2.3
  resolution: "dataloader@npm:2.2.3"
  checksum: 10c0/9b9a056fbc863ca86da87d59e053e871e263b4966aa4d55e40d61a65e96815fae5530ca220629064ca5f8e3000c0c4ec93292e170c38ff393fb34256b4d7c1aa
  languageName: node
  linkType: hard

"debug@npm:4.3.4":
  version: 4.3.4
  resolution: "debug@npm:4.3.4"
  dependencies:
    ms: "npm:2.1.2"
  peerDependenciesMeta:
    supports-color:
      optional: true
  checksum: 10c0/cedbec45298dd5c501d01b92b119cd3faebe5438c3917ff11ae1bff86a6c722930ac9c8659792824013168ba6db7c4668225d845c633fbdafbbf902a6389f736
  languageName: node
  linkType: hard

"dir-glob@npm:^3.0.1":
  version: 3.0.1
  resolution: "dir-glob@npm:3.0.1"
  dependencies:
    path-type: "npm:^4.0.0"
  checksum: 10c0/dcac00920a4d503e38bb64001acb19df4efc14536ada475725e12f52c16777afdee4db827f55f13a908ee7efc0cb282e2e3dbaeeb98c0993dd93d1802d3bf00c
  languageName: node
  linkType: hard

"dotenv@npm:16.5.0":
  version: 16.5.0
  resolution: "dotenv@npm:16.5.0"
  checksum: 10c0/5bc94c919fbd955bf0ba44d33922a1e93d1078e64a1db5c30faeded1d996e7a83c55332cb8ea4fae5a9ca4d0be44cbceb95c5811e70f9f095298df09d1997dd9
  languageName: node
  linkType: hard

"emittery@npm:^0.13.0":
  version: 0.13.1
  resolution: "emittery@npm:0.13.1"
  checksum: 10c0/1573d0ae29ab34661b6c63251ff8f5facd24ccf6a823f19417ae8ba8c88ea450325788c67f16c99edec8de4b52ce93a10fe441ece389fd156e88ee7dab9bfa35
  languageName: node
  linkType: hard

"emoji-regex@npm:^8.0.0":
  version: 8.0.0
  resolution: "emoji-regex@npm:8.0.0"
  checksum: 10c0/b6053ad39951c4cf338f9092d7bfba448cdfd46fe6a2a034700b149ac9ffbc137e361cbd3c442297f86bed2e5f7576c1b54cc0a6bf8ef5106cc62f496af35010
  languageName: node
  linkType: hard

"escalade@npm:^3.1.1":
  version: 3.2.0
  resolution: "escalade@npm:3.2.0"
  checksum: 10c0/ced4dd3a78e15897ed3be74e635110bbf3b08877b0a41be50dcb325ee0e0b5f65fc2d50e9845194d7c4633f327e2e1c6cce00a71b617c5673df0374201d67f65
  languageName: node
  linkType: hard

"esm@npm:^3.2.25":
  version: 3.2.25
  resolution: "esm@npm:3.2.25"
  checksum: 10c0/8e60e8075506a7ce28681c30c8f54623fe18a251c364cd481d86719fc77f58aa055b293d80632d9686d5408aaf865ffa434897dc9fd9153c8b3f469fad23f094
  languageName: node
  linkType: hard

"esprima@npm:4.0.1":
  version: 4.0.1
  resolution: "esprima@npm:4.0.1"
  bin:
    esparse: ./bin/esparse.js
    esvalidate: ./bin/esvalidate.js
  checksum: 10c0/ad4bab9ead0808cf56501750fd9d3fb276f6b105f987707d059005d57e182d18a7c9ec7f3a01794ebddcca676773e42ca48a32d67a250c9d35e009ca613caba3
  languageName: node
  linkType: hard

"fast-deep-equal@npm:^3.1.3":
  version: 3.1.3
  resolution: "fast-deep-equal@npm:3.1.3"
  checksum: 10c0/40dedc862eb8992c54579c66d914635afbec43350afbbe991235fdcb4e3a8d5af1b23ae7e79bef7d4882d0ecee06c3197488026998fb19f72dc95acff1d1b1d0
  languageName: node
  linkType: hard

"fast-glob@npm:^3.2.9, fast-glob@npm:^3.3.2":
  version: 3.3.3
  resolution: "fast-glob@npm:3.3.3"
  dependencies:
    "@nodelib/fs.stat": "npm:^2.0.2"
    "@nodelib/fs.walk": "npm:^1.2.3"
    glob-parent: "npm:^5.1.2"
    merge2: "npm:^1.3.0"
    micromatch: "npm:^4.0.8"
  checksum: 10c0/f6aaa141d0d3384cf73cbcdfc52f475ed293f6d5b65bfc5def368b09163a9f7e5ec2b3014d80f733c405f58e470ee0cc451c2937685045cddcdeaa24199c43fe
  languageName: node
  linkType: hard

"fast-uri@npm:^3.0.1":
  version: 3.0.6
  resolution: "fast-uri@npm:3.0.6"
  checksum: 10c0/74a513c2af0584448aee71ce56005185f81239eab7a2343110e5bad50c39ad4fb19c5a6f99783ead1cac7ccaf3461a6034fda89fffa2b30b6d99b9f21c2f9d29
  languageName: node
  linkType: hard

"fastq@npm:^1.6.0":
  version: 1.19.1
  resolution: "fastq@npm:1.19.1"
  dependencies:
    reusify: "npm:^1.0.4"
  checksum: 10c0/ebc6e50ac7048daaeb8e64522a1ea7a26e92b3cee5cd1c7f2316cdca81ba543aa40a136b53891446ea5c3a67ec215fbaca87ad405f102dd97012f62916905630
  languageName: node
  linkType: hard

"figlet@npm:^1.5.2":
  version: 1.8.1
  resolution: "figlet@npm:1.8.1"
  bin:
    figlet: bin/index.js
  checksum: 10c0/20a9023ee316b2cbbeb9ba94c9adfdb9fc1bd150efec0ddd3492c23a03e3311ac77fb1a65cfa14e3bf4eca250ddcf98ca380871222cb9909bd50071b3602e8da
  languageName: node
  linkType: hard

"fill-range@npm:^7.1.1":
  version: 7.1.1
  resolution: "fill-range@npm:7.1.1"
  dependencies:
    to-regex-range: "npm:^5.0.1"
  checksum: 10c0/b75b691bbe065472f38824f694c2f7449d7f5004aa950426a2c28f0306c60db9b880c0b0e4ed819997ffb882d1da02cfcfc819bddc94d71627f5269682edf018
  languageName: node
  linkType: hard

"fs-extra@npm:11.3.0, fs-extra@npm:~11.3.0":
  version: 11.3.0
  resolution: "fs-extra@npm:11.3.0"
  dependencies:
    graceful-fs: "npm:^4.2.0"
    jsonfile: "npm:^6.0.1"
    universalify: "npm:^2.0.0"
  checksum: 10c0/5f95e996186ff45463059feb115a22fb048bdaf7e487ecee8a8646c78ed8fdca63630e3077d4c16ce677051f5e60d3355a06f3cd61f3ca43f48cc58822a44d0a
  languageName: node
  linkType: hard

"function-bind@npm:^1.1.2":
  version: 1.1.2
  resolution: "function-bind@npm:1.1.2"
  checksum: 10c0/d8680ee1e5fcd4c197e4ac33b2b4dce03c71f4d91717292785703db200f5c21f977c568d28061226f9b5900cbcd2c84463646134fd5337e7925e0942bc3f46d5
  languageName: node
  linkType: hard

"get-caller-file@npm:^2.0.5":
  version: 2.0.5
  resolution: "get-caller-file@npm:2.0.5"
  checksum: 10c0/c6c7b60271931fa752aeb92f2b47e355eac1af3a2673f47c9589e8f8a41adc74d45551c1bc57b5e66a80609f10ffb72b6f575e4370d61cc3f7f3aaff01757cde
  languageName: node
  linkType: hard

"get-package-type@npm:^0.1.0":
  version: 0.1.0
  resolution: "get-package-type@npm:0.1.0"
  checksum: 10c0/e34cdf447fdf1902a1f6d5af737eaadf606d2ee3518287abde8910e04159368c268568174b2e71102b87b26c2020486f126bfca9c4fb1ceb986ff99b52ecd1be
  languageName: node
  linkType: hard

"getopts@npm:2.3.0":
  version: 2.3.0
  resolution: "getopts@npm:2.3.0"
  checksum: 10c0/edbcbd7020e9d87dc41e4ad9add5eb3873ae61339a62431bd92a461be2c0eaa9ec33b6fd0d67fa1b44feedffcf1cf28d6f9dbdb7d604cb1617eaba146a33cbca
  languageName: node
  linkType: hard

"glob-parent@npm:^5.1.2":
  version: 5.1.2
  resolution: "glob-parent@npm:5.1.2"
  dependencies:
    is-glob: "npm:^4.0.1"
  checksum: 10c0/cab87638e2112bee3f839ef5f6e0765057163d39c66be8ec1602f3823da4692297ad4e972de876ea17c44d652978638d2fd583c6713d0eb6591706825020c9ee
  languageName: node
  linkType: hard

"globby@npm:11.1.0":
  version: 11.1.0
  resolution: "globby@npm:11.1.0"
  dependencies:
    array-union: "npm:^2.1.0"
    dir-glob: "npm:^3.0.1"
    fast-glob: "npm:^3.2.9"
    ignore: "npm:^5.2.0"
    merge2: "npm:^1.4.1"
    slash: "npm:^3.0.0"
  checksum: 10c0/b39511b4afe4bd8a7aead3a27c4ade2b9968649abab0a6c28b1a90141b96ca68ca5db1302f7c7bd29eab66bf51e13916b8e0a3d0ac08f75e1e84a39b35691189
  languageName: node
  linkType: hard

"graceful-fs@npm:^4.1.6, graceful-fs@npm:^4.2.0":
  version: 4.2.11
  resolution: "graceful-fs@npm:4.2.11"
  checksum: 10c0/386d011a553e02bc594ac2ca0bd6d9e4c22d7fa8cfbfc448a6d148c59ea881b092db9dbe3547ae4b88e55f1b01f7c4a2ecc53b310c042793e63aa44cf6c257f2
  languageName: node
  linkType: hard

"has-flag@npm:^4.0.0":
  version: 4.0.0
  resolution: "has-flag@npm:4.0.0"
  checksum: 10c0/2e789c61b7888d66993e14e8331449e525ef42aac53c627cc53d1c3334e768bcb6abdc4f5f0de1478a25beec6f0bd62c7549058b7ac53e924040d4f301f02fd1
  languageName: node
  linkType: hard

"hasown@npm:^2.0.2":
  version: 2.0.2
  resolution: "hasown@npm:2.0.2"
  dependencies:
    function-bind: "npm:^1.1.2"
  checksum: 10c0/3769d434703b8ac66b209a4cca0737519925bbdb61dd887f93a16372b14694c63ff4e797686d87c90f08168e81082248b9b028bad60d4da9e0d1148766f56eb9
  languageName: node
  linkType: hard

"ignore@npm:^5.2.0":
  version: 5.3.2
  resolution: "ignore@npm:5.3.2"
  checksum: 10c0/f9f652c957983634ded1e7f02da3b559a0d4cc210fca3792cb67f1b153623c9c42efdc1c4121af171e295444459fc4a9201101fb041b1104a3c000bccb188337
  languageName: node
  linkType: hard

"import-lazy@npm:~4.0.0":
  version: 4.0.0
  resolution: "import-lazy@npm:4.0.0"
  checksum: 10c0/a3520313e2c31f25c0b06aa66d167f329832b68a4f957d7c9daf6e0fa41822b6e84948191648b9b9d8ca82f94740cdf15eecf2401a5b42cd1c33fd84f2225cca
  languageName: node
  linkType: hard

"interpret@npm:^2.2.0":
  version: 2.2.0
  resolution: "interpret@npm:2.2.0"
  checksum: 10c0/c0ef90daec6c4120bb7a226fa09a9511f6b5618aa9c94cf4641472f486948e643bb3b36efbd0136bbffdee876435af9fdf7bbb4622f5a16778eed5397f8a1946
  languageName: node
  linkType: hard

"is-core-module@npm:^2.16.0":
  version: 2.16.1
  resolution: "is-core-module@npm:2.16.1"
  dependencies:
    hasown: "npm:^2.0.2"
  checksum: 10c0/898443c14780a577e807618aaae2b6f745c8538eca5c7bc11388a3f2dc6de82b9902bcc7eb74f07be672b11bbe82dd6a6edded44a00cb3d8f933d0459905eedd
  languageName: node
  linkType: hard

"is-extglob@npm:^2.1.1":
  version: 2.1.1
  resolution: "is-extglob@npm:2.1.1"
  checksum: 10c0/5487da35691fbc339700bbb2730430b07777a3c21b9ebaecb3072512dfd7b4ba78ac2381a87e8d78d20ea08affb3f1971b4af629173a6bf435ff8a4c47747912
  languageName: node
  linkType: hard

"is-fullwidth-code-point@npm:^3.0.0":
  version: 3.0.0
  resolution: "is-fullwidth-code-point@npm:3.0.0"
  checksum: 10c0/bb11d825e049f38e04c06373a8d72782eee0205bda9d908cc550ccb3c59b99d750ff9537982e01733c1c94a58e35400661f57042158ff5e8f3e90cf936daf0fc
  languageName: node
  linkType: hard

"is-glob@npm:^4.0.1":
  version: 4.0.3
  resolution: "is-glob@npm:4.0.3"
  dependencies:
    is-extglob: "npm:^2.1.1"
  checksum: 10c0/17fb4014e22be3bbecea9b2e3a76e9e34ff645466be702f1693e8f1ee1adac84710d0be0bd9f967d6354036fd51ab7c2741d954d6e91dae6bb69714de92c197a
  languageName: node
  linkType: hard

"is-number@npm:^7.0.0":
  version: 7.0.0
  resolution: "is-number@npm:7.0.0"
  checksum: 10c0/b4686d0d3053146095ccd45346461bc8e53b80aeb7671cc52a4de02dbbf7dc0d1d2a986e2fe4ae206984b4d34ef37e8b795ebc4f4295c978373e6575e295d811
  languageName: node
  linkType: hard

"jju@npm:~1.4.0":
  version: 1.4.0
  resolution: "jju@npm:1.4.0"
  checksum: 10c0/f3f444557e4364cfc06b1abf8331bf3778b26c0c8552ca54429bc0092652172fdea26cbffe33e1017b303d5aa506f7ede8571857400efe459cb7439180e2acad
  languageName: node
  linkType: hard

"json-schema-traverse@npm:^1.0.0":
  version: 1.0.0
  resolution: "json-schema-traverse@npm:1.0.0"
  checksum: 10c0/71e30015d7f3d6dc1c316d6298047c8ef98a06d31ad064919976583eb61e1018a60a0067338f0f79cabc00d84af3fcc489bd48ce8a46ea165d9541ba17fb30c6
  languageName: node
  linkType: hard

"json5@npm:^2.2.2":
  version: 2.2.3
  resolution: "json5@npm:2.2.3"
  bin:
    json5: lib/cli.js
  checksum: 10c0/5a04eed94810fa55c5ea138b2f7a5c12b97c3750bc63d11e511dcecbfef758003861522a070c2272764ee0f4e3e323862f386945aeb5b85b87ee43f084ba586c
  languageName: node
  linkType: hard

"jsonfile@npm:^6.0.1":
  version: 6.1.0
  resolution: "jsonfile@npm:6.1.0"
  dependencies:
    graceful-fs: "npm:^4.1.6"
    universalify: "npm:^2.0.0"
  dependenciesMeta:
    graceful-fs:
      optional: true
  checksum: 10c0/4f95b5e8a5622b1e9e8f33c96b7ef3158122f595998114d1e7f03985649ea99cb3cd99ce1ed1831ae94c8c8543ab45ebd044207612f31a56fd08462140e46865
  languageName: node
  linkType: hard

"knex@npm:3.1.0":
  version: 3.1.0
  resolution: "knex@npm:3.1.0"
  dependencies:
    colorette: "npm:2.0.19"
    commander: "npm:^10.0.0"
    debug: "npm:4.3.4"
    escalade: "npm:^3.1.1"
    esm: "npm:^3.2.25"
    get-package-type: "npm:^0.1.0"
    getopts: "npm:2.3.0"
    interpret: "npm:^2.2.0"
    lodash: "npm:^4.17.21"
    pg-connection-string: "npm:2.6.2"
    rechoir: "npm:^0.8.0"
    resolve-from: "npm:^5.0.0"
    tarn: "npm:^3.0.2"
    tildify: "npm:2.0.0"
  peerDependenciesMeta:
    better-sqlite3:
      optional: true
    mysql:
      optional: true
    mysql2:
      optional: true
    pg:
      optional: true
    pg-native:
      optional: true
    sqlite3:
      optional: true
    tedious:
      optional: true
  bin:
    knex: bin/cli.js
  checksum: 10c0/d8a1f99fad143c6057e94759b2ae700ae661a0b0b2385f643011962ef501dcc7b32cfdb5bda66ef81283ca56f13630f47691c579ce66ad0e8128e209533c3785
  languageName: node
  linkType: hard

"lodash@npm:^4.17.21":
  version: 4.17.21
  resolution: "lodash@npm:4.17.21"
  checksum: 10c0/d8cbea072bb08655bb4c989da418994b073a608dffa608b09ac04b43a791b12aeae7cd7ad919aa4c925f33b48490b5cfe6c1f71d827956071dae2e7bb3a6b74c
  languageName: node
  linkType: hard

"lru-cache@npm:^6.0.0":
  version: 6.0.0
  resolution: "lru-cache@npm:6.0.0"
  dependencies:
    yallist: "npm:^4.0.0"
  checksum: 10c0/cb53e582785c48187d7a188d3379c181b5ca2a9c78d2bce3e7dee36f32761d1c42983da3fe12b55cb74e1779fa94cdc2e5367c028a9b35317184ede0c07a30a9
  languageName: node
  linkType: hard

"merge2@npm:^1.3.0, merge2@npm:^1.4.1":
  version: 1.4.1
  resolution: "merge2@npm:1.4.1"
  checksum: 10c0/254a8a4605b58f450308fc474c82ac9a094848081bf4c06778200207820e5193726dc563a0d2c16468810516a5c97d9d3ea0ca6585d23c58ccfff2403e8dbbeb
  languageName: node
  linkType: hard

"micromatch@npm:^4.0.8":
  version: 4.0.8
  resolution: "micromatch@npm:4.0.8"
  dependencies:
    braces: "npm:^3.0.3"
    picomatch: "npm:^2.3.1"
  checksum: 10c0/166fa6eb926b9553f32ef81f5f531d27b4ce7da60e5baf8c021d043b27a388fb95e46a8038d5045877881e673f8134122b59624d5cecbd16eb50a42e7a6b5ca8
  languageName: node
  linkType: hard

"mikro-orm@npm:6.4.16":
  version: 6.4.16
  resolution: "mikro-orm@npm:6.4.16"
  checksum: 10c0/6a7d6ad717503433eba0372f890fc66c8f0f80927b40ae8666bc0795006b0a5a089e662a7a5fc121d3e0fbdb1350c1878dc3bee2c1c6bc4028c729b2c4a45f7a
  languageName: node
  linkType: hard

"minimist@npm:^1.2.6":
  version: 1.2.8
  resolution: "minimist@npm:1.2.8"
  checksum: 10c0/19d3fcdca050087b84c2029841a093691a91259a47def2f18222f41e7645a0b7c44ef4b40e88a1e58a40c84d2ef0ee6047c55594d298146d0eb3f6b737c20ce6
  languageName: node
  linkType: hard

"ms@npm:2.1.2":
  version: 2.1.2
  resolution: "ms@npm:2.1.2"
  checksum: 10c0/a437714e2f90dbf881b5191d35a6db792efbca5badf112f87b9e1c712aace4b4b9b742dd6537f3edf90fd6f684de897cec230abde57e87883766712ddda297cc
  languageName: node
  linkType: hard

"parent-require@npm:^1.0.0":
  version: 1.0.0
  resolution: "parent-require@npm:1.0.0"
  checksum: 10c0/58eb17553192027a596bb3b13f567e4933894964ad47a9f9054a5dc4776e60e13903e937b2eec6e7afff8a34a4fc91b5397fdc6206aa2d50ba95b87059b4f2e0
  languageName: node
  linkType: hard

"path-parse@npm:^1.0.7":
  version: 1.0.7
  resolution: "path-parse@npm:1.0.7"
  checksum: 10c0/11ce261f9d294cc7a58d6a574b7f1b935842355ec66fba3c3fd79e0f036462eaf07d0aa95bb74ff432f9afef97ce1926c720988c6a7451d8a584930ae7de86e1
  languageName: node
  linkType: hard

"path-type@npm:^4.0.0":
  version: 4.0.0
  resolution: "path-type@npm:4.0.0"
  checksum: 10c0/666f6973f332f27581371efaf303fd6c272cc43c2057b37aa99e3643158c7e4b2626549555d88626e99ea9e046f82f32e41bbde5f1508547e9a11b149b52387c
  languageName: node
  linkType: hard

"pg-cloudflare@npm:^1.2.5":
  version: 1.2.5
  resolution: "pg-cloudflare@npm:1.2.5"
  checksum: 10c0/48b9105ef027c7b3f57ef88ceaec3634cd82120059bd68273cce06989a1ec547e0b0fbb5d1afdd0711824f409c8b410f9bdec2f6c8034728992d3658c0b36f86
  languageName: node
  linkType: hard

"pg-connection-string@npm:2.6.2":
  version: 2.6.2
  resolution: "pg-connection-string@npm:2.6.2"
  checksum: 10c0/e8fdea74fcc8bdc3d7c5c6eadd9425fdba7e67fb7fe836f9c0cecad94c8984e435256657d1d8ce0483d1fedef667e7a57e32449a63cb805cb0289fc34b62da35
  languageName: node
  linkType: hard

"pg-connection-string@npm:^2.9.0":
  version: 2.9.0
  resolution: "pg-connection-string@npm:2.9.0"
  checksum: 10c0/7145d00688200685a9d9931a7fc8d61c75f348608626aef88080ece956ceb4ff1cbdee29c3284e41b7a3345bab0e4f50f9edc256e270bfa3a563af4ea78bb490
  languageName: node
  linkType: hard

"pg-int8@npm:1.0.1":
  version: 1.0.1
  resolution: "pg-int8@npm:1.0.1"
  checksum: 10c0/be6a02d851fc2a4ae3e9de81710d861de3ba35ac927268973eb3cb618873a05b9424656df464dd43bd7dc3fc5295c3f5b3c8349494f87c7af50ec59ef14e0b98
  languageName: node
  linkType: hard

"pg-pool@npm:^3.10.0":
  version: 3.10.0
  resolution: "pg-pool@npm:3.10.0"
  peerDependencies:
    pg: ">=8.0"
  checksum: 10c0/b36162dc98c0ad88cd26f3d65f3e3932c3f870abe7a88905f16fc98282e8131692903e482720ebc9698cb08851c9b19242ff16a50af7f9434c8bb0b5d33a9a9a
  languageName: node
  linkType: hard

"pg-protocol@npm:^1.10.0":
  version: 1.10.0
  resolution: "pg-protocol@npm:1.10.0"
  checksum: 10c0/7d0d64fe9df50262d907fd476454e1e36f41f5f66044c3ba6aa773fb8add1d350a9c162306e5c33e99bdfbdcc1140dd4ca74f66eda41d0aaceb5853244dcdb65
  languageName: node
  linkType: hard

"pg-types@npm:2.2.0":
  version: 2.2.0
  resolution: "pg-types@npm:2.2.0"
  dependencies:
    pg-int8: "npm:1.0.1"
    postgres-array: "npm:~2.0.0"
    postgres-bytea: "npm:~1.0.0"
    postgres-date: "npm:~1.0.4"
    postgres-interval: "npm:^1.1.0"
  checksum: 10c0/ab3f8069a323f601cd2d2279ca8c425447dab3f9b61d933b0601d7ffc00d6200df25e26a4290b2b0783b59278198f7dd2ed03e94c4875797919605116a577c65
  languageName: node
  linkType: hard

"pg@npm:8.16.0":
  version: 8.16.0
  resolution: "pg@npm:8.16.0"
  dependencies:
    pg-cloudflare: "npm:^1.2.5"
    pg-connection-string: "npm:^2.9.0"
    pg-pool: "npm:^3.10.0"
    pg-protocol: "npm:^1.10.0"
    pg-types: "npm:2.2.0"
    pgpass: "npm:1.0.5"
  peerDependencies:
    pg-native: ">=3.0.1"
  dependenciesMeta:
    pg-cloudflare:
      optional: true
  peerDependenciesMeta:
    pg-native:
      optional: true
  checksum: 10c0/24542229c7e5cbf69d654de32e8cdc8302c73f1338e56728543cb16364fb319d5689e03fa704b69a208105c7065c867cfccb9dbccccea2020bb5c64ead785713
  languageName: node
  linkType: hard

"pgpass@npm:1.0.5":
  version: 1.0.5
  resolution: "pgpass@npm:1.0.5"
  dependencies:
    split2: "npm:^4.1.0"
  checksum: 10c0/5ea6c9b2de04c33abb08d33a2dded303c4a3c7162a9264519cbe85c0a9857d712463140ba42fad0c7cd4b21f644dd870b45bb2e02fcbe505b4de0744fd802c1d
  languageName: node
  linkType: hard

"picomatch@npm:^2.3.1":
  version: 2.3.1
  resolution: "picomatch@npm:2.3.1"
  checksum: 10c0/26c02b8d06f03206fc2ab8d16f19960f2ff9e81a658f831ecb656d8f17d9edc799e8364b1f4a7873e89d9702dff96204be0fa26fe4181f6843f040f819dac4be
  languageName: node
  linkType: hard

"pony-cause@npm:^2.1.4":
  version: 2.1.11
  resolution: "pony-cause@npm:2.1.11"
  checksum: 10c0/d5db6489ec42f8fcce0fd9ad2052be98cd8f63814bf32819694ec1f4c6a01bc3be6181050d83bc79e95272174a5b9776d1c2af1fa79ef51e0ccc0f97c22b1420
  languageName: node
  linkType: hard

"postgres-array@npm:3.0.4":
  version: 3.0.4
  resolution: "postgres-array@npm:3.0.4"
  checksum: 10c0/47f3e648da512bacdd6a5ed55cf770605ec271330789faeece0fd13805a49f376d6e5c9e0e353377be11a9545e727dceaa2473566c505432bf06366ccd04c6b2
  languageName: node
  linkType: hard

"postgres-array@npm:~2.0.0":
  version: 2.0.0
  resolution: "postgres-array@npm:2.0.0"
  checksum: 10c0/cbd56207e4141d7fbf08c86f2aebf21fa7064943d3f808ec85f442ff94b48d891e7a144cc02665fb2de5dbcb9b8e3183a2ac749959e794b4a4cfd379d7a21d08
  languageName: node
  linkType: hard

"postgres-bytea@npm:~1.0.0":
  version: 1.0.0
  resolution: "postgres-bytea@npm:1.0.0"
  checksum: 10c0/febf2364b8a8953695cac159eeb94542ead5886792a9627b97e33f6b5bb6e263bc0706ab47ec221516e79fbd6b2452d668841830fb3b49ec6c0fc29be61892ce
  languageName: node
  linkType: hard

"postgres-date@npm:2.1.0":
  version: 2.1.0
  resolution: "postgres-date@npm:2.1.0"
  checksum: 10c0/00a7472c10788f6b0d08d24108bf1eb80858de1bd6317740198a564918ea4a69b80c98148167b92ae688abd606483020d0de0dd3a36f3ea9a3e26bbeef3464f4
  languageName: node
  linkType: hard

"postgres-date@npm:~1.0.4":
  version: 1.0.7
  resolution: "postgres-date@npm:1.0.7"
  checksum: 10c0/0ff91fccc64003e10b767fcfeefb5eaffbc522c93aa65d5051c49b3c4ce6cb93ab091a7d22877a90ad60b8874202c6f1d0f935f38a7235ed3b258efd54b97ca9
  languageName: node
  linkType: hard

"postgres-interval@npm:4.0.2":
  version: 4.0.2
  resolution: "postgres-interval@npm:4.0.2"
  checksum: 10c0/46d0766b11ac91ba3e4816c73a04e4e0c13ddf9efb9797982fdc405019a40b85e8b4a36448bd90e1ac1e8f0ca9b2ff22820e65e103368bc6fd9fa6a3b4268fd4
  languageName: node
  linkType: hard

"postgres-interval@npm:^1.1.0":
  version: 1.2.0
  resolution: "postgres-interval@npm:1.2.0"
  dependencies:
    xtend: "npm:^4.0.0"
  checksum: 10c0/c1734c3cb79e7f22579af0b268a463b1fa1d084e742a02a7a290c4f041e349456f3bee3b4ee0bb3f226828597f7b76deb615c1b857db9a742c45520100456272
  languageName: node
  linkType: hard

"punycode@npm:^2.1.0":
  version: 2.3.1
  resolution: "punycode@npm:2.3.1"
  checksum: 10c0/14f76a8206bc3464f794fb2e3d3cc665ae416c01893ad7a02b23766eb07159144ee612ad67af5e84fa4479ccfe67678c4feb126b0485651b302babf66f04f9e9
  languageName: node
  linkType: hard

"queue-microtask@npm:^1.2.2":
  version: 1.2.3
  resolution: "queue-microtask@npm:1.2.3"
  checksum: 10c0/900a93d3cdae3acd7d16f642c29a642aea32c2026446151f0778c62ac089d4b8e6c986811076e1ae180a694cedf077d453a11b58ff0a865629a4f82ab558e102
  languageName: node
  linkType: hard

"rechoir@npm:^0.8.0":
  version: 0.8.0
  resolution: "rechoir@npm:0.8.0"
  dependencies:
    resolve: "npm:^1.20.0"
  checksum: 10c0/1a30074124a22abbd5d44d802dac26407fa72a0a95f162aa5504ba8246bc5452f8b1a027b154d9bdbabcd8764920ff9333d934c46a8f17479c8912e92332f3ff
  languageName: node
  linkType: hard

"reflect-metadata@npm:0.2.2":
  version: 0.2.2
  resolution: "reflect-metadata@npm:0.2.2"
  checksum: 10c0/1cd93a15ea291e420204955544637c264c216e7aac527470e393d54b4bb075f10a17e60d8168ec96600c7e0b9fcc0cb0bb6e91c3fbf5b0d8c9056f04e6ac1ec2
  languageName: node
  linkType: hard

"require-directory@npm:^2.1.1":
  version: 2.1.1
  resolution: "require-directory@npm:2.1.1"
  checksum: 10c0/83aa76a7bc1531f68d92c75a2ca2f54f1b01463cb566cf3fbc787d0de8be30c9dbc211d1d46be3497dac5785fe296f2dd11d531945ac29730643357978966e99
  languageName: node
  linkType: hard

"require-from-string@npm:^2.0.2":
  version: 2.0.2
  resolution: "require-from-string@npm:2.0.2"
  checksum: 10c0/aaa267e0c5b022fc5fd4eef49d8285086b15f2a1c54b28240fdf03599cbd9c26049fee3eab894f2e1f6ca65e513b030a7c264201e3f005601e80c49fb2937ce2
  languageName: node
  linkType: hard

"resolve-from@npm:^5.0.0":
  version: 5.0.0
  resolution: "resolve-from@npm:5.0.0"
  checksum: 10c0/b21cb7f1fb746de8107b9febab60095187781137fd803e6a59a76d421444b1531b641bba5857f5dc011974d8a5c635d61cec49e6bd3b7fc20e01f0fafc4efbf2
  languageName: node
  linkType: hard

"resolve@npm:^1.20.0, resolve@npm:~1.22.1":
  version: 1.22.10
  resolution: "resolve@npm:1.22.10"
  dependencies:
    is-core-module: "npm:^2.16.0"
    path-parse: "npm:^1.0.7"
    supports-preserve-symlinks-flag: "npm:^1.0.0"
  bin:
    resolve: bin/resolve
  checksum: 10c0/8967e1f4e2cc40f79b7e080b4582b9a8c5ee36ffb46041dccb20e6461161adf69f843b43067b4a375de926a2cd669157e29a29578191def399dd5ef89a1b5203
  languageName: node
  linkType: hard

"resolve@patch:resolve@npm%3A^1.20.0#optional!builtin<compat/resolve>, resolve@patch:resolve@npm%3A~1.22.1#optional!builtin<compat/resolve>":
  version: 1.22.10
  resolution: "resolve@patch:resolve@npm%3A1.22.10#optional!builtin<compat/resolve>::version=1.22.10&hash=c3c19d"
  dependencies:
    is-core-module: "npm:^2.16.0"
    path-parse: "npm:^1.0.7"
    supports-preserve-symlinks-flag: "npm:^1.0.0"
  bin:
    resolve: bin/resolve
  checksum: 10c0/52a4e505bbfc7925ac8f4cd91fd8c4e096b6a89728b9f46861d3b405ac9a1ccf4dcbf8befb4e89a2e11370dacd0160918163885cbc669369590f2f31f4c58939
  languageName: node
  linkType: hard

"reusify@npm:^1.0.4":
  version: 1.1.0
  resolution: "reusify@npm:1.1.0"
  checksum: 10c0/4eff0d4a5f9383566c7d7ec437b671cc51b25963bd61bf127c3f3d3f68e44a026d99b8d2f1ad344afff8d278a8fe70a8ea092650a716d22287e8bef7126bb2fa
  languageName: node
  linkType: hard

"run-parallel@npm:^1.1.9":
  version: 1.2.0
  resolution: "run-parallel@npm:1.2.0"
  dependencies:
    queue-microtask: "npm:^1.2.2"
  checksum: 10c0/200b5ab25b5b8b7113f9901bfe3afc347e19bb7475b267d55ad0eb86a62a46d77510cb0f232507c9e5d497ebda569a08a9867d0d14f57a82ad5564d991588b39
  languageName: node
  linkType: hard

"semver@npm:~7.5.4":
  version: 7.5.4
  resolution: "semver@npm:7.5.4"
  dependencies:
    lru-cache: "npm:^6.0.0"
  bin:
    semver: bin/semver.js
  checksum: 10c0/5160b06975a38b11c1ab55950cb5b8a23db78df88275d3d8a42ccf1f29e55112ac995b3a26a522c36e3b5f76b0445f1eef70d696b8c7862a2b4303d7b0e7609e
  languageName: node
  linkType: hard

"slash@npm:^3.0.0":
  version: 3.0.0
  resolution: "slash@npm:3.0.0"
  checksum: 10c0/e18488c6a42bdfd4ac5be85b2ced3ccd0224773baae6ad42cfbb9ec74fc07f9fa8396bd35ee638084ead7a2a0818eb5e7151111544d4731ce843019dab4be47b
  languageName: node
  linkType: hard

"split2@npm:^4.1.0":
  version: 4.2.0
  resolution: "split2@npm:4.2.0"
  checksum: 10c0/b292beb8ce9215f8c642bb68be6249c5a4c7f332fc8ecadae7be5cbdf1ea95addc95f0459ef2e7ad9d45fd1064698a097e4eb211c83e772b49bc0ee423e91534
  languageName: node
  linkType: hard

"sprintf-js@npm:~1.0.2":
  version: 1.0.3
  resolution: "sprintf-js@npm:1.0.3"
  checksum: 10c0/ecadcfe4c771890140da5023d43e190b7566d9cf8b2d238600f31bec0fc653f328da4450eb04bd59a431771a8e9cc0e118f0aa3974b683a4981b4e07abc2a5bb
  languageName: node
  linkType: hard

"sqlstring@npm:2.3.3":
  version: 2.3.3
  resolution: "sqlstring@npm:2.3.3"
  checksum: 10c0/3b5dd7badb3d6312f494cfa6c9a381ee630fbe3dbd571c4c9eb8ecdb99a7bf5a1f7a5043191d768797f6b3c04eed5958ac6a5f948b998f0a138294c6d3125fbd
  languageName: node
  linkType: hard

"string-argv@npm:~0.3.1":
  version: 0.3.2
  resolution: "string-argv@npm:0.3.2"
  checksum: 10c0/75c02a83759ad1722e040b86823909d9a2fc75d15dd71ec4b537c3560746e33b5f5a07f7332d1e3f88319909f82190843aa2f0a0d8c8d591ec08e93d5b8dec82
  languageName: node
  linkType: hard

"string-width@npm:^4.1.0, string-width@npm:^4.2.0, string-width@npm:^4.2.3":
  version: 4.2.3
  resolution: "string-width@npm:4.2.3"
  dependencies:
    emoji-regex: "npm:^8.0.0"
    is-fullwidth-code-point: "npm:^3.0.0"
    strip-ansi: "npm:^6.0.1"
  checksum: 10c0/1e525e92e5eae0afd7454086eed9c818ee84374bb80328fc41217ae72ff5f065ef1c9d7f72da41de40c75fa8bb3dee63d92373fd492c84260a552c636392a47b
  languageName: node
  linkType: hard

"strip-ansi@npm:^6.0.0, strip-ansi@npm:^6.0.1":
  version: 6.0.1
  resolution: "strip-ansi@npm:6.0.1"
  dependencies:
    ansi-regex: "npm:^5.0.1"
  checksum: 10c0/1ae5f212a126fe5b167707f716942490e3933085a5ff6c008ab97ab2f272c8025d3aa218b7bd6ab25729ca20cc81cddb252102f8751e13482a5199e873680952
  languageName: node
  linkType: hard

"strip-bom@npm:^3.0.0":
  version: 3.0.0
  resolution: "strip-bom@npm:3.0.0"
  checksum: 10c0/51201f50e021ef16672593d7434ca239441b7b760e905d9f33df6e4f3954ff54ec0e0a06f100d028af0982d6f25c35cd5cda2ce34eaebccd0250b8befb90d8f1
  languageName: node
  linkType: hard

"supports-color@npm:^7.1.0":
  version: 7.2.0
  resolution: "supports-color@npm:7.2.0"
  dependencies:
    has-flag: "npm:^4.0.0"
  checksum: 10c0/afb4c88521b8b136b5f5f95160c98dee7243dc79d5432db7efc27efb219385bbc7d9427398e43dd6cc730a0f87d5085ce1652af7efbe391327bc0a7d0f7fc124
  languageName: node
  linkType: hard

"supports-color@npm:~8.1.1":
  version: 8.1.1
  resolution: "supports-color@npm:8.1.1"
  dependencies:
    has-flag: "npm:^4.0.0"
  checksum: 10c0/ea1d3c275dd604c974670f63943ed9bd83623edc102430c05adb8efc56ba492746b6e95386e7831b872ec3807fd89dd8eb43f735195f37b5ec343e4234cc7e89
  languageName: node
  linkType: hard

"supports-preserve-symlinks-flag@npm:^1.0.0":
  version: 1.0.0
  resolution: "supports-preserve-symlinks-flag@npm:1.0.0"
  checksum: 10c0/6c4032340701a9950865f7ae8ef38578d8d7053f5e10518076e6554a9381fa91bd9c6850193695c141f32b21f979c985db07265a758867bac95de05f7d8aeb39
  languageName: node
  linkType: hard

"tarn@npm:^3.0.2":
  version: 3.0.2
  resolution: "tarn@npm:3.0.2"
  checksum: 10c0/ea2344e3d21936111176375bd6f34eba69a38ef1bc59434d523fd313166f8a28a47b0a847846c119f72dcf2c1e1231596d74ac3fcfc3cc73966b3d293a327269
  languageName: node
  linkType: hard

"tildify@npm:2.0.0":
  version: 2.0.0
  resolution: "tildify@npm:2.0.0"
  checksum: 10c0/57961810a6915f47bdba7da7fa66a5f12597a0495fa016785de197b02e7ba9994ffebb30569294061bbf6d9395c6b1319d830076221e5a3f49f1318bc749565c
  languageName: node
  linkType: hard

"to-regex-range@npm:^5.0.1":
  version: 5.0.1
  resolution: "to-regex-range@npm:5.0.1"
  dependencies:
    is-number: "npm:^7.0.0"
  checksum: 10c0/487988b0a19c654ff3e1961b87f471702e708fa8a8dd02a298ef16da7206692e8552a0250e8b3e8759270f62e9d8314616f6da274734d3b558b1fc7b7724e892
  languageName: node
  linkType: hard

"tsconfig-paths@npm:4.2.0":
  version: 4.2.0
  resolution: "tsconfig-paths@npm:4.2.0"
  dependencies:
    json5: "npm:^2.2.2"
    minimist: "npm:^1.2.6"
    strip-bom: "npm:^3.0.0"
  checksum: 10c0/09a5877402d082bb1134930c10249edeebc0211f36150c35e1c542e5b91f1047b1ccf7da1e59babca1ef1f014c525510f4f870de7c9bda470c73bb4e2721b3ea
  languageName: node
  linkType: hard

"type-fest@npm:^4.0.0":
  version: 4.41.0
  resolution: "type-fest@npm:4.41.0"
  checksum: 10c0/f5ca697797ed5e88d33ac8f1fec21921839871f808dc59345c9cf67345bfb958ce41bd821165dbf3ae591cedec2bf6fe8882098dfdd8dc54320b859711a2c1e4
  languageName: node
  linkType: hard

"umzug@npm:3.8.2":
  version: 3.8.2
  resolution: "umzug@npm:3.8.2"
  dependencies:
    "@rushstack/ts-command-line": "npm:^4.12.2"
    emittery: "npm:^0.13.0"
    fast-glob: "npm:^3.3.2"
    pony-cause: "npm:^2.1.4"
    type-fest: "npm:^4.0.0"
  checksum: 10c0/b5b9659fc3e85f486fa3b701cf0b592117b38974d3c5c039d78fd8dbc60dcbaf04ce6430aa5b79a544a64bd99f230d7c9b3deffa2528fcb00c590cd6909fbc32
  languageName: node
  linkType: hard

"universalify@npm:^2.0.0":
  version: 2.0.1
  resolution: "universalify@npm:2.0.1"
  checksum: 10c0/73e8ee3809041ca8b818efb141801a1004e3fc0002727f1531f4de613ea281b494a40909596dae4a042a4fb6cd385af5d4db2e137b1362e0e91384b828effd3a
  languageName: node
  linkType: hard

"uri-js@npm:^4.4.1":
  version: 4.4.1
  resolution: "uri-js@npm:4.4.1"
  dependencies:
    punycode: "npm:^2.1.0"
  checksum: 10c0/4ef57b45aa820d7ac6496e9208559986c665e49447cb072744c13b66925a362d96dd5a46c4530a6b8e203e5db5fe849369444440cb22ecfc26c679359e5dfa3c
  languageName: node
  linkType: hard

"wrap-ansi@npm:^7.0.0":
  version: 7.0.0
  resolution: "wrap-ansi@npm:7.0.0"
  dependencies:
    ansi-styles: "npm:^4.0.0"
    string-width: "npm:^4.1.0"
    strip-ansi: "npm:^6.0.0"
  checksum: 10c0/d15fc12c11e4cbc4044a552129ebc75ee3f57aa9c1958373a4db0292d72282f54373b536103987a4a7594db1ef6a4f10acf92978f79b98c49306a4b58c77d4da
  languageName: node
  linkType: hard

"xtend@npm:^4.0.0":
  version: 4.0.2
  resolution: "xtend@npm:4.0.2"
  checksum: 10c0/366ae4783eec6100f8a02dff02ac907bf29f9a00b82ac0264b4d8b832ead18306797e283cf19de776538babfdcb2101375ec5646b59f08c52128ac4ab812ed0e
  languageName: node
  linkType: hard

"y18n@npm:^5.0.5":
  version: 5.0.8
  resolution: "y18n@npm:5.0.8"
  checksum: 10c0/4df2842c36e468590c3691c894bc9cdbac41f520566e76e24f59401ba7d8b4811eb1e34524d57e54bc6d864bcb66baab7ffd9ca42bf1eda596618f9162b91249
  languageName: node
  linkType: hard

"yallist@npm:^4.0.0":
  version: 4.0.0
  resolution: "yallist@npm:4.0.0"
  checksum: 10c0/2286b5e8dbfe22204ab66e2ef5cc9bbb1e55dfc873bbe0d568aa943eb255d131890dfd5bf243637273d31119b870f49c18fcde2c6ffbb7a7a092b870dc90625a
  languageName: node
  linkType: hard

"yargs-parser@npm:^21.1.1":
  version: 21.1.1
  resolution: "yargs-parser@npm:21.1.1"
  checksum: 10c0/f84b5e48169479d2f402239c59f084cfd1c3acc197a05c59b98bab067452e6b3ea46d4dd8ba2985ba7b3d32a343d77df0debd6b343e5dae3da2aab2cdf5886b2
  languageName: node
  linkType: hard

"yargs@npm:17.7.2":
  version: 17.7.2
  resolution: "yargs@npm:17.7.2"
  dependencies:
    cliui: "npm:^8.0.1"
    escalade: "npm:^3.1.1"
    get-caller-file: "npm:^2.0.5"
    require-directory: "npm:^2.1.1"
    string-width: "npm:^4.2.3"
    y18n: "npm:^5.0.5"
    yargs-parser: "npm:^21.1.1"
  checksum: 10c0/ccd7e723e61ad5965fffbb791366db689572b80cca80e0f96aad968dfff4156cd7cd1ad18607afe1046d8241e6fb2d6c08bf7fa7bfb5eaec818735d8feac8f05
  languageName: node
  linkType: hard
